<?xml version="1.0" encoding="utf-8"?>
<Project ToolsVersion="4.0" xmlns="http://schemas.microsoft.com/developer/msbuild/2003">
  <ItemGroup>
    <Filter Include="Pliki źródłowe">
      <UniqueIdentifier>{4FC737F1-C7A5-4376-A066-2A32D752A2FF}</UniqueIdentifier>
      <Extensions>cpp;c;cc;cxx;c++;cppm;ixx;def;odl;idl;hpj;bat;asm;asmx</Extensions>
    </Filter>
    <Filter Include="Pliki nagłówkowe">
      <UniqueIdentifier>{93995380-89BD-4b04-88EB-625FBE52EBFB}</UniqueIdentifier>
      <Extensions>h;hh;hpp;hxx;h++;hm;inl;inc;ipp;xsd</Extensions>
    </Filter>
    <Filter Include="Pliki zasobów">
      <UniqueIdentifier>{67DA6AB6-F800-4c08-8B7A-83BB121AAD01}</UniqueIdentifier>
      <Extensions>rc;ico;cur;bmp;dlg;rc2;rct;bin;rgs;gif;jpg;jpeg;jpe;resx;tiff;tif;png;wav;mfcribbon-ms</Extensions>
    </Filter>
  </ItemGroup>
  <ItemGroup>
    <ClCompile Include="shaderprogram.cpp">
      <Filter>Pliki źródłowe</Filter>
    </ClCompile>
    <ClCompile Include="main.cpp">
      <Filter>Pliki źródłowe</Filter>
    </ClCompile>
    <ClCompile Include="lights.cpp">
      <Filter>Pliki źródłowe</Filter>
    </ClCompile>
    <ClCompile Include="camera.cpp">
      <Filter>Pliki źródłowe</Filter>
    </ClCompile>
    <ClCompile Include="mesh.cpp">
      <Filter>Pliki źródłowe</Filter>
    </ClCompile>
    <ClCompile Include="skybox.cpp">
      <Filter>Pliki źródłowe</Filter>
    </ClCompile>
    <ClCompile Include="post_processing.cpp">
      <Filter>Pliki źródłowe</Filter>
    </ClCompile>
    <ClCompile Include="model.cpp">
      <Filter>Pliki źródłowe</Filter>
    </ClCompile>
    <ClCompile Include="pbr_mesh.cpp">
      <Filter>Pliki źródłowe</Filter>
    </ClCompile>
    <ClCompile Include="pbr_model.cpp">
      <Filter>Pliki źródłowe</Filter>
    </ClCompile>
    <ClCompile Include="image.cpp">
      <Filter>Pliki źródłowe</Filter>
    </ClCompile>
  </ItemGroup>
  <ItemGroup>
    <ClInclude Include="shaderprogram.h">
      <Filter>Pliki nagłówkowe</Filter>
    </ClInclude>
    <ClInclude Include="constants.h">
      <Filter>Pliki nagłówkowe</Filter>
    </ClInclude>
    <ClInclude Include="camera.h">
      <Filter>Pliki nagłówkowe</Filter>
    </ClInclude>
    <ClInclude Include="mesh.h">
      <Filter>Pliki nagłówkowe</Filter>
    </ClInclude>
    <ClInclude Include="model.h">
      <Filter>Pliki nagłówkowe</Filter>
    </ClInclude>
    <ClInclude Include="skybox.h">
      <Filter>Pliki nagłówkowe</Filter>
    </ClInclude>
    <ClInclude Include="post_proccesing.h">
      <Filter>Pliki nagłówkowe</Filter>
    </ClInclude>
    <ClInclude Include="lights.h">
      <Filter>Pliki nagłówkowe</Filter>
    </ClInclude>
    <ClInclude Include="pbr_mesh.h">
      <Filter>Pliki nagłówkowe</Filter>
    </ClInclude>
    <ClInclude Include="pbr_model.h">
      <Filter>Pliki nagłówkowe</Filter>
    </ClInclude>
    <ClInclude Include="image.h">
      <Filter>Pliki nagłówkowe</Filter>
    </ClInclude>
  </ItemGroup>
  <ItemGroup>
    <None Include="diffuse_specular.frag">
      <Filter>Pliki zasobów</Filter>
    </None>
    <None Include="funnyCat.vert">
      <Filter>Pliki zasobów</Filter>
    </None>
    <None Include="funnyCat.geom">
      <Filter>Pliki zasobów</Filter>
    </None>
    <None Include="funnyCat.frag">
      <Filter>Pliki zasobów</Filter>
    </None>
    <None Include="material.vert">
      <Filter>Pliki zasobów</Filter>
    </None>
    <None Include="material.frag">
      <Filter>Pliki zasobów</Filter>
    </None>
    <None Include="simple_material.vert">
      <Filter>Pliki zasobów</Filter>
    </None>
    <None Include="simple_material.geom">
      <Filter>Pliki zasobów</Filter>
    </None>
    <None Include="pbr_texture.vert">
      <Filter>Pliki zasobów</Filter>
    </None>
    <None Include="pbr_texture.frag">
      <Filter>Pliki zasobów</Filter>
    </None>
    <None Include="diff_spec_norm.vert">
      <Filter>Pliki zasobów</Filter>
    </None>
    <None Include="diff_spec_norm.frag">
      <Filter>Pliki zasobów</Filter>
    </None>
    <None Include="post_processing.vert">
      <Filter>Pliki zasobów</Filter>
    </None>
    <None Include="post_processing.frag">
      <Filter>Pliki zasobów</Filter>
    </None>
    <None Include="diffuse_only.vert">
      <Filter>Pliki zasobów</Filter>
    </None>
    <None Include="diffuse_only.frag">
      <Filter>Pliki zasobów</Filter>
    </None>
    <None Include="pbr_material.vert">
      <Filter>Pliki zasobów</Filter>
    </None>
    <None Include="pbr_material.frag">
      <Filter>Pliki zasobów</Filter>
    </None>
  </ItemGroup>
  <ItemGroup>
    <Text Include="skybox.vert">
      <Filter>Pliki zasobów</Filter>
    </Text>
    <Text Include="skybox.frag">
      <Filter>Pliki zasobów</Filter>
    </Text>
    <Text Include="diffuse_specular.vert">
      <Filter>Pliki zasobów</Filter>
    </Text>
    <Text Include="simple_material.frag">
      <Filter>Pliki zasobów</Filter>
    </Text>
  </ItemGroup>
</Project>